// !$*UTF8*$!
{
	archiveVersion = 1;
	classes = {
	};
	objectVersion = 46;
	objects = {

/* Begin PBXBuildFile section */
		18F233A31D88845900F71FC2 /* TaskCell.swift in Sources */ = {isa = PBXBuildFile; fileRef = 18F233A21D88845900F71FC2 /* TaskCell.swift */; };
		D7DF6DDB612355A977908C3A /* Pods_ToDoListRealm.framework in Frameworks */ = {isa = PBXBuildFile; fileRef = AB30B70A7ABD754AA8563761 /* Pods_ToDoListRealm.framework */; };
		E631AE501D8831A100174223 /* AppDelegate.swift in Sources */ = {isa = PBXBuildFile; fileRef = E631AE4F1D8831A100174223 /* AppDelegate.swift */; };
		E631AE571D8831A100174223 /* Main.storyboard in Resources */ = {isa = PBXBuildFile; fileRef = E631AE551D8831A100174223 /* Main.storyboard */; };
		E631AE591D8831A100174223 /* Assets.xcassets in Resources */ = {isa = PBXBuildFile; fileRef = E631AE581D8831A100174223 /* Assets.xcassets */; };
		E631AE5C1D8831A100174223 /* LaunchScreen.storyboard in Resources */ = {isa = PBXBuildFile; fileRef = E631AE5A1D8831A100174223 /* LaunchScreen.storyboard */; };
		E631AE671D8831A100174223 /* ToDoListRealmTests.swift in Sources */ = {isa = PBXBuildFile; fileRef = E631AE661D8831A100174223 /* ToDoListRealmTests.swift */; };
		E631AE721D8834C900174223 /* SwiftRequest.swift in Sources */ = {isa = PBXBuildFile; fileRef = E631AE711D8834C900174223 /* SwiftRequest.swift */; };
		E631AE751D88361900174223 /* Reachability.swift in Sources */ = {isa = PBXBuildFile; fileRef = E631AE741D88361900174223 /* Reachability.swift */; };
		E631AE771D88379300174223 /* PendingViewController.swift in Sources */ = {isa = PBXBuildFile; fileRef = E631AE761D88379300174223 /* PendingViewController.swift */; };
		E631AE791D8837A500174223 /* CompletedViewController.swift in Sources */ = {isa = PBXBuildFile; fileRef = E631AE781D8837A500174223 /* CompletedViewController.swift */; };
		E631AE7D1D883A6500174223 /* Task.swift in Sources */ = {isa = PBXBuildFile; fileRef = E631AE7B1D883A6500174223 /* Task.swift */; };
/* End PBXBuildFile section */

/* Begin PBXContainerItemProxy section */
		E631AE631D8831A100174223 /* PBXContainerItemProxy */ = {
			isa = PBXContainerItemProxy;
			containerPortal = E631AE441D8831A100174223 /* Project object */;
			proxyType = 1;
			remoteGlobalIDString = E631AE4B1D8831A100174223;
			remoteInfo = ToDoListRealm;
		};
/* End PBXContainerItemProxy section */

/* Begin PBXFileReference section */
		03C0F367657606BF620F7BA4 /* Pods-ToDoListRealm.debug.xcconfig */ = {isa = PBXFileReference; includeInIndex = 1; lastKnownFileType = text.xcconfig; name = "Pods-ToDoListRealm.debug.xcconfig"; path = "Pods/Target Support Files/Pods-ToDoListRealm/Pods-ToDoListRealm.debug.xcconfig"; sourceTree = "<group>"; };
		18F233A21D88845900F71FC2 /* TaskCell.swift */ = {isa = PBXFileReference; fileEncoding = 4; lastKnownFileType = sourcecode.swift; path = TaskCell.swift; sourceTree = "<group>"; };
		8349D4A4AD527D56B4D5DD92 /* Pods-ToDoListRealm.release.xcconfig */ = {isa = PBXFileReference; includeInIndex = 1; lastKnownFileType = text.xcconfig; name = "Pods-ToDoListRealm.release.xcconfig"; path = "Pods/Target Support Files/Pods-ToDoListRealm/Pods-ToDoListRealm.release.xcconfig"; sourceTree = "<group>"; };
		AB30B70A7ABD754AA8563761 /* Pods_ToDoListRealm.framework */ = {isa = PBXFileReference; explicitFileType = wrapper.framework; includeInIndex = 0; path = Pods_ToDoListRealm.framework; sourceTree = BUILT_PRODUCTS_DIR; };
		E631AE4C1D8831A100174223 /* ToDoListRealm.app */ = {isa = PBXFileReference; explicitFileType = wrapper.application; includeInIndex = 0; path = ToDoListRealm.app; sourceTree = BUILT_PRODUCTS_DIR; };
		E631AE4F1D8831A100174223 /* AppDelegate.swift */ = {isa = PBXFileReference; lastKnownFileType = sourcecode.swift; path = AppDelegate.swift; sourceTree = "<group>"; };
		E631AE561D8831A100174223 /* Base */ = {isa = PBXFileReference; lastKnownFileType = file.storyboard; name = Base; path = Base.lproj/Main.storyboard; sourceTree = "<group>"; };
		E631AE581D8831A100174223 /* Assets.xcassets */ = {isa = PBXFileReference; lastKnownFileType = folder.assetcatalog; path = Assets.xcassets; sourceTree = "<group>"; };
		E631AE5B1D8831A100174223 /* Base */ = {isa = PBXFileReference; lastKnownFileType = file.storyboard; name = Base; path = Base.lproj/LaunchScreen.storyboard; sourceTree = "<group>"; };
		E631AE5D1D8831A100174223 /* Info.plist */ = {isa = PBXFileReference; lastKnownFileType = text.plist.xml; path = Info.plist; sourceTree = "<group>"; };
		E631AE621D8831A100174223 /* ToDoListRealmTests.xctest */ = {isa = PBXFileReference; explicitFileType = wrapper.cfbundle; includeInIndex = 0; path = ToDoListRealmTests.xctest; sourceTree = BUILT_PRODUCTS_DIR; };
		E631AE661D8831A100174223 /* ToDoListRealmTests.swift */ = {isa = PBXFileReference; lastKnownFileType = sourcecode.swift; path = ToDoListRealmTests.swift; sourceTree = "<group>"; };
		E631AE681D8831A100174223 /* Info.plist */ = {isa = PBXFileReference; lastKnownFileType = text.plist.xml; path = Info.plist; sourceTree = "<group>"; };
		E631AE711D8834C900174223 /* SwiftRequest.swift */ = {isa = PBXFileReference; fileEncoding = 4; lastKnownFileType = sourcecode.swift; path = SwiftRequest.swift; sourceTree = "<group>"; };
		E631AE741D88361900174223 /* Reachability.swift */ = {isa = PBXFileReference; fileEncoding = 4; lastKnownFileType = sourcecode.swift; path = Reachability.swift; sourceTree = "<group>"; };
		E631AE761D88379300174223 /* PendingViewController.swift */ = {isa = PBXFileReference; fileEncoding = 4; lastKnownFileType = sourcecode.swift; path = PendingViewController.swift; sourceTree = "<group>"; };
		E631AE781D8837A500174223 /* CompletedViewController.swift */ = {isa = PBXFileReference; fileEncoding = 4; lastKnownFileType = sourcecode.swift; path = CompletedViewController.swift; sourceTree = "<group>"; };
		E631AE7B1D883A6500174223 /* Task.swift */ = {isa = PBXFileReference; fileEncoding = 4; lastKnownFileType = sourcecode.swift; path = Task.swift; sourceTree = "<group>"; };
/* End PBXFileReference section */

/* Begin PBXFrameworksBuildPhase section */
		E631AE491D8831A100174223 /* Frameworks */ = {
			isa = PBXFrameworksBuildPhase;
			buildActionMask = 2147483647;
			files = (
				D7DF6DDB612355A977908C3A /* Pods_ToDoListRealm.framework in Frameworks */,
			);
			runOnlyForDeploymentPostprocessing = 0;
		};
		E631AE5F1D8831A100174223 /* Frameworks */ = {
			isa = PBXFrameworksBuildPhase;
			buildActionMask = 2147483647;
			files = (
			);
			runOnlyForDeploymentPostprocessing = 0;
		};
/* End PBXFrameworksBuildPhase section */

/* Begin PBXGroup section */
		155493AF854ABE7142212851 /* Frameworks */ = {
			isa = PBXGroup;
			children = (
				AB30B70A7ABD754AA8563761 /* Pods_ToDoListRealm.framework */,
			);
			name = Frameworks;
			sourceTree = "<group>";
		};
		18F233A41D88846000F71FC2 /* CustomCells */ = {
			isa = PBXGroup;
			children = (
				18F233A21D88845900F71FC2 /* TaskCell.swift */,
			);
			name = CustomCells;
			sourceTree = "<group>";
		};
		41B3AF1E70D70F5C4777F56B /* Pods */ = {
			isa = PBXGroup;
			children = (
				03C0F367657606BF620F7BA4 /* Pods-ToDoListRealm.debug.xcconfig */,
				8349D4A4AD527D56B4D5DD92 /* Pods-ToDoListRealm.release.xcconfig */,
			);
			name = Pods;
			sourceTree = "<group>";
		};
		E631AE431D8831A100174223 = {
			isa = PBXGroup;
			children = (
				E631AE731D88361900174223 /* Reachability */,
				E631AE4E1D8831A100174223 /* ToDoListRealm */,
				E631AE651D8831A100174223 /* ToDoListRealmTests */,
				E631AE4D1D8831A100174223 /* Products */,
				41B3AF1E70D70F5C4777F56B /* Pods */,
				155493AF854ABE7142212851 /* Frameworks */,
			);
			sourceTree = "<group>";
		};
		E631AE4D1D8831A100174223 /* Products */ = {
			isa = PBXGroup;
			children = (
				E631AE4C1D8831A100174223 /* ToDoListRealm.app */,
				E631AE621D8831A100174223 /* ToDoListRealmTests.xctest */,
			);
			name = Products;
			sourceTree = "<group>";
		};
		E631AE4E1D8831A100174223 /* ToDoListRealm */ = {
			isa = PBXGroup;
			children = (
				E631AE7A1D883A6500174223 /* Model */,
				E631AE7F1D883C0B00174223 /* Networking */,
				18F233A41D88846000F71FC2 /* CustomCells */,
				E631AE4F1D8831A100174223 /* AppDelegate.swift */,
				E631AE761D88379300174223 /* PendingViewController.swift */,
				E631AE781D8837A500174223 /* CompletedViewController.swift */,
				E631AE551D8831A100174223 /* Main.storyboard */,
				E631AE581D8831A100174223 /* Assets.xcassets */,
				E631AE5A1D8831A100174223 /* LaunchScreen.storyboard */,
				E631AE5D1D8831A100174223 /* Info.plist */,
			);
			path = ToDoListRealm;
			sourceTree = "<group>";
		};
		E631AE651D8831A100174223 /* ToDoListRealmTests */ = {
			isa = PBXGroup;
			children = (
				E631AE661D8831A100174223 /* ToDoListRealmTests.swift */,
				E631AE681D8831A100174223 /* Info.plist */,
			);
			path = ToDoListRealmTests;
			sourceTree = "<group>";
		};
		E631AE731D88361900174223 /* Reachability */ = {
			isa = PBXGroup;
			children = (
				E631AE741D88361900174223 /* Reachability.swift */,
			);
			path = Reachability;
			sourceTree = "<group>";
		};
		E631AE7A1D883A6500174223 /* Model */ = {
			isa = PBXGroup;
			children = (
				E631AE7B1D883A6500174223 /* Task.swift */,
			);
			path = Model;
			sourceTree = "<group>";
		};
		E631AE7F1D883C0B00174223 /* Networking */ = {
			isa = PBXGroup;
			children = (
				E631AE711D8834C900174223 /* SwiftRequest.swift */,
			);
			name = Networking;
			sourceTree = "<group>";
		};
/* End PBXGroup section */

/* Begin PBXNativeTarget section */
		E631AE4B1D8831A100174223 /* ToDoListRealm */ = {
			isa = PBXNativeTarget;
			buildConfigurationList = E631AE6B1D8831A100174223 /* Build configuration list for PBXNativeTarget "ToDoListRealm" */;
			buildPhases = (
				FA4DD3FB0251AFD29813F333 /* 📦 Check Pods Manifest.lock */,
				0F994D6CC120D4ECE353930F /* [CP] Check Pods Manifest.lock */,
				E631AE481D8831A100174223 /* Sources */,
				E631AE491D8831A100174223 /* Frameworks */,
				E631AE4A1D8831A100174223 /* Resources */,
				09BE8E082A6CBF37C5722A82 /* [CP] Embed Pods Frameworks */,
				35520D386A760B522F5C001D /* [CP] Copy Pods Resources */,
				DF9E33F5B42205E8DC014506 /* 📦 Embed Pods Frameworks */,
				BF4E3DD72A69FB48CEC2966D /* 📦 Copy Pods Resources */,
			);
			buildRules = (
			);
			dependencies = (
			);
			name = ToDoListRealm;
			productName = ToDoListRealm;
			productReference = E631AE4C1D8831A100174223 /* ToDoListRealm.app */;
			productType = "com.apple.product-type.application";
		};
		E631AE611D8831A100174223 /* ToDoListRealmTests */ = {
			isa = PBXNativeTarget;
			buildConfigurationList = E631AE6E1D8831A100174223 /* Build configuration list for PBXNativeTarget "ToDoListRealmTests" */;
			buildPhases = (
				E631AE5E1D8831A100174223 /* Sources */,
				E631AE5F1D8831A100174223 /* Frameworks */,
				E631AE601D8831A100174223 /* Resources */,
			);
			buildRules = (
			);
			dependencies = (
				E631AE641D8831A100174223 /* PBXTargetDependency */,
			);
			name = ToDoListRealmTests;
			productName = ToDoListRealmTests;
			productReference = E631AE621D8831A100174223 /* ToDoListRealmTests.xctest */;
			productType = "com.apple.product-type.bundle.unit-test";
		};
/* End PBXNativeTarget section */

/* Begin PBXProject section */
		E631AE441D8831A100174223 /* Project object */ = {
			isa = PBXProject;
			attributes = {
				LastSwiftUpdateCheck = 0730;
				LastUpgradeCheck = 0730;
				ORGANIZATIONNAME = "Ajay Ghodadra";
				TargetAttributes = {
					E631AE4B1D8831A100174223 = {
						CreatedOnToolsVersion = 7.3.1;
					};
					E631AE611D8831A100174223 = {
						CreatedOnToolsVersion = 7.3.1;
						TestTargetID = E631AE4B1D8831A100174223;
					};
				};
			};
			buildConfigurationList = E631AE471D8831A100174223 /* Build configuration list for PBXProject "ToDoListRealm" */;
			compatibilityVersion = "Xcode 3.2";
			developmentRegion = English;
			hasScannedForEncodings = 0;
			knownRegions = (
				en,
				Base,
			);
			mainGroup = E631AE431D8831A100174223;
			productRefGroup = E631AE4D1D8831A100174223 /* Products */;
			projectDirPath = "";
			projectRoot = "";
			targets = (
				E631AE4B1D8831A100174223 /* ToDoListRealm */,
				E631AE611D8831A100174223 /* ToDoListRealmTests */,
			);
		};
/* End PBXProject section */

/* Begin PBXResourcesBuildPhase section */
		E631AE4A1D8831A100174223 /* Resources */ = {
			isa = PBXResourcesBuildPhase;
			buildActionMask = 2147483647;
			files = (
				E631AE5C1D8831A100174223 /* LaunchScreen.storyboard in Resources */,
				E631AE591D8831A100174223 /* Assets.xcassets in Resources */,
				E631AE571D8831A100174223 /* Main.storyboard in Resources */,
			);
			runOnlyForDeploymentPostprocessing = 0;
		};
		E631AE601D8831A100174223 /* Resources */ = {
			isa = PBXResourcesBuildPhase;
			buildActionMask = 2147483647;
			files = (
			);
			runOnlyForDeploymentPostprocessing = 0;
		};
/* End PBXResourcesBuildPhase section */

/* Begin PBXShellScriptBuildPhase section */
		09BE8E082A6CBF37C5722A82 /* [CP] Embed Pods Frameworks */ = {
			isa = PBXShellScriptBuildPhase;
			buildActionMask = 2147483647;
			files = (
			);
			inputPaths = (
			);
			name = "[CP] Embed Pods Frameworks";
			outputPaths = (
			);
			runOnlyForDeploymentPostprocessing = 0;
			shellPath = /bin/sh;
			shellScript = "\"${SRCROOT}/Pods/Target Support Files/Pods-ToDoListRealm/Pods-ToDoListRealm-frameworks.sh\"\n";
			showEnvVarsInLog = 0;
		};
		0F994D6CC120D4ECE353930F /* [CP] Check Pods Manifest.lock */ = {
			isa = PBXShellScriptBuildPhase;
			buildActionMask = 2147483647;
			files = (
			);
			inputPaths = (
			);
			name = "[CP] Check Pods Manifest.lock";
			outputPaths = (
			);
			runOnlyForDeploymentPostprocessing = 0;
			shellPath = /bin/sh;
			shellScript = "diff \"${PODS_ROOT}/../Podfile.lock\" \"${PODS_ROOT}/Manifest.lock\" > /dev/null\nif [[ $? != 0 ]] ; then\n    cat << EOM\nerror: The sandbox is not in sync with the Podfile.lock. Run 'pod install' or update your CocoaPods installation.\nEOM\n    exit 1\nfi\n";
			showEnvVarsInLog = 0;
		};
		35520D386A760B522F5C001D /* [CP] Copy Pods Resources */ = {
			isa = PBXShellScriptBuildPhase;
			buildActionMask = 2147483647;
			files = (
			);
			inputPaths = (
			);
			name = "[CP] Copy Pods Resources";
			outputPaths = (
			);
			runOnlyForDeploymentPostprocessing = 0;
			shellPath = /bin/sh;
			shellScript = "\"${SRCROOT}/Pods/Target Support Files/Pods-ToDoListRealm/Pods-ToDoListRealm-resources.sh\"\n";
			showEnvVarsInLog = 0;
		};
		BF4E3DD72A69FB48CEC2966D /* 📦 Copy Pods Resources */ = {
			isa = PBXShellScriptBuildPhase;
			buildActionMask = 2147483647;
			files = (
			);
			inputPaths = (
			);
			name = "📦 Copy Pods Resources";
			outputPaths = (
			);
			runOnlyForDeploymentPostprocessing = 0;
			shellPath = /bin/sh;
			shellScript = "\"${SRCROOT}/Pods/Target Support Files/Pods-ToDoListRealm/Pods-ToDoListRealm-resources.sh\"\n";
			showEnvVarsInLog = 0;
		};
		DF9E33F5B42205E8DC014506 /* 📦 Embed Pods Frameworks */ = {
			isa = PBXShellScriptBuildPhase;
			buildActionMask = 2147483647;
			files = (
			);
			inputPaths = (
			);
			name = "📦 Embed Pods Frameworks";
			outputPaths = (
			);
			runOnlyForDeploymentPostprocessing = 0;
			shellPath = /bin/sh;
			shellScript = "\"${SRCROOT}/Pods/Target Support Files/Pods-ToDoListRealm/Pods-ToDoListRealm-frameworks.sh\"\n";
			showEnvVarsInLog = 0;
		};
		FA4DD3FB0251AFD29813F333 /* 📦 Check Pods Manifest.lock */ = {
			isa = PBXShellScriptBuildPhase;
			buildActionMask = 2147483647;
			files = (
			);
			inputPaths = (
			);
			name = "📦 Check Pods Manifest.lock";
			outputPaths = (
			);
			runOnlyForDeploymentPostprocessing = 0;
			shellPath = /bin/sh;
			shellScript = "diff \"${PODS_ROOT}/../Podfile.lock\" \"${PODS_ROOT}/Manifest.lock\" > /dev/null\nif [[ $? != 0 ]] ; then\n    cat << EOM\nerror: The sandbox is not in sync with the Podfile.lock. Run 'pod install' or update your CocoaPods installation.\nEOM\n    exit 1\nfi\n";
			showEnvVarsInLog = 0;
		};
/* End PBXShellScriptBuildPhase section */

/* Begin PBXSourcesBuildPhase section */
		E631AE481D8831A100174223 /* Sources */ = {
			isa = PBXSourcesBuildPhase;
			buildActionMask = 2147483647;
			files = (
				E631AE771D88379300174223 /* PendingViewController.swift in Sources */,
				E631AE501D8831A100174223 /* AppDelegate.swift in Sources */,
				E631AE751D88361900174223 /* Reachability.swift in Sources */,
				18F233A31D88845900F71FC2 /* TaskCell.swift in Sources */,
				E631AE791D8837A500174223 /* CompletedViewController.swift in Sources */,
				E631AE7D1D883A6500174223 /* Task.swift in Sources */,
				E631AE721D8834C900174223 /* SwiftRequest.swift in Sources */,
			);
			runOnlyForDeploymentPostprocessing = 0;
		};
		E631AE5E1D8831A100174223 /* Sources */ = {
			isa = PBXSourcesBuildPhase;
			buildActionMask = 2147483647;
			files = (
				E631AE671D8831A100174223 /* ToDoListRealmTests.swift in Sources */,
			);
			runOnlyForDeploymentPostprocessing = 0;
		};
/* End PBXSourcesBuildPhase section */

/* Begin PBXTargetDependency section */
		E631AE641D8831A100174223 /* PBXTargetDependency */ = {
			isa = PBXTargetDependency;
			target = E631AE4B1D8831A100174223 /* ToDoListRealm */;
			targetProxy = E631AE631D8831A100174223 /* PBXContainerItemProxy */;
		};
/* End PBXTargetDependency section */

/* Begin PBXVariantGroup section */
		E631AE551D8831A100174223 /* Main.storyboard */ = {
			isa = PBXVariantGroup;
			children = (
				E631AE561D8831A100174223 /* Base */,
			);
			name = Main.storyboard;
			sourceTree = "<group>";
		};
		E631AE5A1D8831A100174223 /* LaunchScreen.storyboard */ = {
			isa = PBXVariantGroup;
			children = (
				E631AE5B1D8831A100174223 /* Base */,
			);
			name = LaunchScreen.storyboard;
			sourceTree = "<group>";
		};
/* End PBXVariantGroup section */

/* Begin XCBuildConfiguration section */
		E631AE691D8831A100174223 /* Debug */ = {
			isa = XCBuildConfiguration;
			buildSettings = {
				ALWAYS_SEARCH_USER_PATHS = NO;
				CLANG_ANALYZER_NONNULL = YES;
				CLANG_CXX_LANGUAGE_STANDARD = "gnu++0x";
				CLANG_CXX_LIBRARY = "libc++";
				CLANG_ENABLE_MODULES = YES;
				CLANG_ENABLE_OBJC_ARC = YES;
				CLANG_WARN_BOOL_CONVERSION = YES;
				CLANG_WARN_CONSTANT_CONVERSION = YES;
				CLANG_WARN_DIRECT_OBJC_ISA_USAGE = YES_ERROR;
				CLANG_WARN_EMPTY_BODY = YES;
				CLANG_WARN_ENUM_CONVERSION = YES;
				CLANG_WARN_INT_CONVERSION = YES;
				CLANG_WARN_OBJC_ROOT_CLASS = YES_ERROR;
				CLANG_WARN_UNREACHABLE_CODE = YES;
				CLANG_WARN__DUPLICATE_METHOD_MATCH = YES;
				"CODE_SIGN_IDENTITY[sdk=iphoneos*]" = "iPhone Developer";
				COPY_PHASE_STRIP = NO;
				DEBUG_INFORMATION_FORMAT = dwarf;
				ENABLE_STRICT_OBJC_MSGSEND = YES;
				ENABLE_TESTABILITY = YES;
				GCC_C_LANGUAGE_STANDARD = gnu99;
				GCC_DYNAMIC_NO_PIC = NO;
				GCC_NO_COMMON_BLOCKS = YES;
				GCC_OPTIMIZATION_LEVEL = 0;
				GCC_PREPROCESSOR_DEFINITIONS = (
					"DEBUG=1",
					"$(inherited)",
				);
				GCC_WARN_64_TO_32_BIT_CONVERSION = YES;
				GCC_WARN_ABOUT_RETURN_TYPE = YES_ERROR;
				GCC_WARN_UNDECLARED_SELECTOR = YES;
				GCC_WARN_UNINITIALIZED_AUTOS = YES_AGGRESSIVE;
				GCC_WARN_UNUSED_FUNCTION = YES;
				GCC_WARN_UNUSED_VARIABLE = YES;
				IPHONEOS_DEPLOYMENT_TARGET = 9.3;
				MTL_ENABLE_DEBUG_INFO = YES;
				ONLY_ACTIVE_ARCH = YES;
				SDKROOT = iphoneos;
				SWIFT_OPTIMIZATION_LEVEL = "-Onone";
				TARGETED_DEVICE_FAMILY = "1,2";
			};
			name = Debug;
		};
		E631AE6A1D8831A100174223 /* Release */ = {
			isa = XCBuildConfiguration;
			buildSettings = {
				ALWAYS_SEARCH_USER_PATHS = NO;
				CLANG_ANALYZER_NONNULL = YES;
				CLANG_CXX_LANGUAGE_STANDARD = "gnu++0x";
				CLANG_CXX_LIBRARY = "libc++";
				CLANG_ENABLE_MODULES = YES;
				CLANG_ENABLE_OBJC_ARC = YES;
				CLANG_WARN_BOOL_CONVERSION = YES;
				CLANG_WARN_CONSTANT_CONVERSION = YES;
				CLANG_WARN_DIRECT_OBJC_ISA_USAGE = YES_ERROR;
				CLANG_WARN_EMPTY_BODY = YES;
				CLANG_WARN_ENUM_CONVERSION = YES;
				CLANG_WARN_INT_CONVERSION = YES;
				CLANG_WARN_OBJC_ROOT_CLASS = YES_ERROR;
				CLANG_WARN_UNREACHABLE_CODE = YES;
				CLANG_WARN__DUPLICATE_METHOD_MATCH = YES;
				"CODE_SIGN_IDENTITY[sdk=iphoneos*]" = "iPhone Developer";
				COPY_PHASE_STRIP = NO;
				DEBUG_INFORMATION_FORMAT = "dwarf-with-dsym";
				ENABLE_NS_ASSERTIONS = NO;
				ENABLE_STRICT_OBJC_MSGSEND = YES;
				GCC_C_LANGUAGE_STANDARD = gnu99;
				GCC_NO_COMMON_BLOCKS = YES;
				GCC_WARN_64_TO_32_BIT_CONVERSION = YES;
				GCC_WARN_ABOUT_RETURN_TYPE = YES_ERROR;
				GCC_WARN_UNDECLARED_SELECTOR = YES;
				GCC_WARN_UNINITIALIZED_AUTOS = YES_AGGRESSIVE;
				GCC_WARN_UNUSED_FUNCTION = YES;
				GCC_WARN_UNUSED_VARIABLE = YES;
				IPHONEOS_DEPLOYMENT_TARGET = 9.3;
				MTL_ENABLE_DEBUG_INFO = NO;
				SDKROOT = iphoneos;
				TARGETED_DEVICE_FAMILY = "1,2";
				VALIDATE_PRODUCT = YES;
			};
			name = Release;
		};
		E631AE6C1D8831A100174223 /* Debug */ = {
			isa = XCBuildConfiguration;
			baseConfigurationReference = 03C0F367657606BF620F7BA4 /* Pods-ToDoListRealm.debug.xcconfig */;
			buildSettings = {
				ASSETCATALOG_COMPILER_APPICON_NAME = AppIcon;
				INFOPLIST_FILE = ToDoListRealm/Info.plist;
				IPHONEOS_DEPLOYMENT_TARGET = 9.0;
				LD_RUNPATH_SEARCH_PATHS = "$(inherited) @executable_path/Frameworks";
				PRODUCT_BUNDLE_IDENTIFIER = demo.ToDoListRealm;
				PRODUCT_NAME = "$(TARGET_NAME)";
				TARGETED_DEVICE_FAMILY = 1;
			};
			name = Debug;
		};
		E631AE6D1D8831A100174223 /* Release */ = {
			isa = XCBuildConfiguration;
			baseConfigurationReference = 8349D4A4AD527D56B4D5DD92 /* Pods-ToDoListRealm.release.xcconfig */;
			buildSettings = {
				ASSETCATALOG_COMPILER_APPICON_NAME = AppIcon;
				INFOPLIST_FILE = ToDoListRealm/Info.plist;
				IPHONEOS_DEPLOYMENT_TARGET = 9.0;
				LD_RUNPATH_SEARCH_PATHS = "$(inherited) @executable_path/Frameworks";
				PRODUCT_BUNDLE_IDENTIFIER = demo.ToDoListRealm;
				PRODUCT_NAME = "$(TARGET_NAME)";
				TARGETED_DEVICE_FAMILY = 1;
			};
			name = Release;
		};
		E631AE6F1D8831A100174223 /* Debug */ = {
			isa = XCBuildConfiguration;
			buildSettings = {
				BUNDLE_LOADER = "$(TEST_HOST)";
				INFOPLIST_FILE = ToDoListRealmTests/Info.plist;
				LD_RUNPATH_SEARCH_PATHS = "$(inherited) @executable_path/Frameworks @loader_path/Frameworks";
				PRODUCT_BUNDLE_IDENTIFIER = demo.ToDoListRealmTests;
				PRODUCT_NAME = "$(TARGET_NAME)";
				TEST_HOST = "$(BUILT_PRODUCTS_DIR)/ToDoListRealm.app/ToDoListRealm";
			};
			name = Debug;
		};
		E631AE701D8831A100174223 /* Release */ = {
			isa = XCBuildConfiguration;
			buildSettings = {
				BUNDLE_LOADER = "$(TEST_HOST)";
				INFOPLIST_FILE = ToDoListRealmTests/Info.plist;
				LD_RUNPATH_SEARCH_PATHS = "$(inherited) @executable_path/Frameworks @loader_path/Frameworks";
				PRODUCT_BUNDLE_IDENTIFIER = demo.ToDoListRealmTests;
				PRODUCT_NAME = "$(TARGET_NAME)";
				TEST_HOST = "$(BUILT_PRODUCTS_DIR)/ToDoListRealm.app/ToDoListRealm";
			};
			name = Release;
		};
/* End XCBuildConfiguration section */

/* Begin XCConfigurationList section */
		E631AE471D8831A100174223 /* Build configuration list for PBXProject "ToDoListRealm" */ = {
			isa = XCConfigurationList;
			buildConfigurations = (
				E631AE691D8831A100174223 /* Debug */,
				E631AE6A1D8831A100174223 /* Release */,
			);
			defaultConfigurationIsVisible = 0;
			defaultConfigurationName = Release;
		};
		E631AE6B1D8831A100174223 /* Build configuration list for PBXNativeTarget "ToDoListRealm" */ = {
			isa = XCConfigurationList;
			buildConfigurations = (
				E631AE6C1D8831A100174223 /* Debug */,
				E631AE6D1D8831A100174223 /* Release */,
			);
			defaultConfigurationIsVisible = 0;
			defaultConfigurationName = Release;
		};
		E631AE6E1D8831A100174223 /* Build configuration list for PBXNativeTarget "ToDoListRealmTests" */ = {
			isa = XCConfigurationList;
			buildConfigurations = (
				E631AE6F1D8831A100174223 /* Debug */,
				E631AE701D8831A100174223 /* Release */,
			);
			defaultConfigurationIsVisible = 0;
			defaultConfigurationName = Release;
		};
/* End XCConfigurationList section */
	};
	rootObject = E631AE441D8831A100174223 /* Project object */;
}
